// !$*UTF8*$!
{
	archiveVersion = 1;
	classes = {
	};
	objectVersion = 51;
	objects = {

/* Begin PBXBuildFile section */
		08EF4ECCCDC75B31FE3D4067 /* Pods_PokeDexTests.framework in Frameworks */ = {isa = PBXBuildFile; fileRef = 8DA9F5B9DD4A4DE3336AC591 /* Pods_PokeDexTests.framework */; };
		12637759B39AC9387BB5829E /* Pods_PokeDex.framework in Frameworks */ = {isa = PBXBuildFile; fileRef = 3896752CF93827901AC8AEE6 /* Pods_PokeDex.framework */; };
		91F48DDAFAA2885F9C4D3F4F /* Pods_PokeDex_PokeDexUITests.framework in Frameworks */ = {isa = PBXBuildFile; fileRef = E8621720C300BDB0683DF1DF /* Pods_PokeDex_PokeDexUITests.framework */; };
		9DB044C2246B033B0044D33C /* AppDelegate.swift in Sources */ = {isa = PBXBuildFile; fileRef = 9DB044C1246B033B0044D33C /* AppDelegate.swift */; };
		9DB044C4246B033B0044D33C /* SceneDelegate.swift in Sources */ = {isa = PBXBuildFile; fileRef = 9DB044C3246B033B0044D33C /* SceneDelegate.swift */; };
		9DB044C6246B033B0044D33C /* ViewController.swift in Sources */ = {isa = PBXBuildFile; fileRef = 9DB044C5246B033B0044D33C /* ViewController.swift */; };
		9DB044C9246B033B0044D33C /* Main.storyboard in Resources */ = {isa = PBXBuildFile; fileRef = 9DB044C7246B033B0044D33C /* Main.storyboard */; };
		9DB044CB246B03400044D33C /* Assets.xcassets in Resources */ = {isa = PBXBuildFile; fileRef = 9DB044CA246B03400044D33C /* Assets.xcassets */; };
		9DB044CE246B03400044D33C /* LaunchScreen.storyboard in Resources */ = {isa = PBXBuildFile; fileRef = 9DB044CC246B03400044D33C /* LaunchScreen.storyboard */; };
		9DB044D9246B03400044D33C /* PokeDexTests.swift in Sources */ = {isa = PBXBuildFile; fileRef = 9DB044D8246B03400044D33C /* PokeDexTests.swift */; };
		9DB044E4246B03400044D33C /* PokeDexUITests.swift in Sources */ = {isa = PBXBuildFile; fileRef = 9DB044E3246B03400044D33C /* PokeDexUITests.swift */; };
		9DCACB1C246B1C23005BAA01 /* ApiPaths.swift in Sources */ = {isa = PBXBuildFile; fileRef = 9DCACB1B246B1C23005BAA01 /* ApiPaths.swift */; };
		9DDE583D246B3A3A00660709 /* Pokemon.swift in Sources */ = {isa = PBXBuildFile; fileRef = 9DDE583C246B3A3A00660709 /* Pokemon.swift */; };
		9DEC113E246B16D10088C8D2 /* PokemonDataService.swift in Sources */ = {isa = PBXBuildFile; fileRef = 9DEC113D246B16D10088C8D2 /* PokemonDataService.swift */; };
/* End PBXBuildFile section */

/* Begin PBXContainerItemProxy section */
		9DB044D5246B03400044D33C /* PBXContainerItemProxy */ = {
			isa = PBXContainerItemProxy;
			containerPortal = 9DB044B6246B033B0044D33C /* Project object */;
			proxyType = 1;
			remoteGlobalIDString = 9DB044BD246B033B0044D33C;
			remoteInfo = PokeDex;
		};
		9DB044E0246B03400044D33C /* PBXContainerItemProxy */ = {
			isa = PBXContainerItemProxy;
			containerPortal = 9DB044B6246B033B0044D33C /* Project object */;
			proxyType = 1;
			remoteGlobalIDString = 9DB044BD246B033B0044D33C;
			remoteInfo = PokeDex;
		};
/* End PBXContainerItemProxy section */

/* Begin PBXFileReference section */
		04329B2242B08DB729F2F7B5 /* Pods-PokeDexTests.debug.xcconfig */ = {isa = PBXFileReference; includeInIndex = 1; lastKnownFileType = text.xcconfig; name = "Pods-PokeDexTests.debug.xcconfig"; path = "Target Support Files/Pods-PokeDexTests/Pods-PokeDexTests.debug.xcconfig"; sourceTree = "<group>"; };
		3896752CF93827901AC8AEE6 /* Pods_PokeDex.framework */ = {isa = PBXFileReference; explicitFileType = wrapper.framework; includeInIndex = 0; path = Pods_PokeDex.framework; sourceTree = BUILT_PRODUCTS_DIR; };
		4CDFEA669AAE5B461FE3E792 /* Pods-PokeDex-PokeDexUITests.release.xcconfig */ = {isa = PBXFileReference; includeInIndex = 1; lastKnownFileType = text.xcconfig; name = "Pods-PokeDex-PokeDexUITests.release.xcconfig"; path = "Target Support Files/Pods-PokeDex-PokeDexUITests/Pods-PokeDex-PokeDexUITests.release.xcconfig"; sourceTree = "<group>"; };
		8DA9F5B9DD4A4DE3336AC591 /* Pods_PokeDexTests.framework */ = {isa = PBXFileReference; explicitFileType = wrapper.framework; includeInIndex = 0; path = Pods_PokeDexTests.framework; sourceTree = BUILT_PRODUCTS_DIR; };
		9DB044BE246B033B0044D33C /* PokeDex.app */ = {isa = PBXFileReference; explicitFileType = wrapper.application; includeInIndex = 0; path = PokeDex.app; sourceTree = BUILT_PRODUCTS_DIR; };
		9DB044C1246B033B0044D33C /* AppDelegate.swift */ = {isa = PBXFileReference; lastKnownFileType = sourcecode.swift; path = AppDelegate.swift; sourceTree = "<group>"; };
		9DB044C3246B033B0044D33C /* SceneDelegate.swift */ = {isa = PBXFileReference; lastKnownFileType = sourcecode.swift; path = SceneDelegate.swift; sourceTree = "<group>"; };
		9DB044C5246B033B0044D33C /* ViewController.swift */ = {isa = PBXFileReference; lastKnownFileType = sourcecode.swift; path = ViewController.swift; sourceTree = "<group>"; };
		9DB044C8246B033B0044D33C /* Base */ = {isa = PBXFileReference; lastKnownFileType = file.storyboard; name = Base; path = Base.lproj/Main.storyboard; sourceTree = "<group>"; };
		9DB044CA246B03400044D33C /* Assets.xcassets */ = {isa = PBXFileReference; lastKnownFileType = folder.assetcatalog; path = Assets.xcassets; sourceTree = "<group>"; };
		9DB044CD246B03400044D33C /* Base */ = {isa = PBXFileReference; lastKnownFileType = file.storyboard; name = Base; path = Base.lproj/LaunchScreen.storyboard; sourceTree = "<group>"; };
		9DB044CF246B03400044D33C /* Info.plist */ = {isa = PBXFileReference; lastKnownFileType = text.plist.xml; path = Info.plist; sourceTree = "<group>"; };
		9DB044D4246B03400044D33C /* PokeDexTests.xctest */ = {isa = PBXFileReference; explicitFileType = wrapper.cfbundle; includeInIndex = 0; path = PokeDexTests.xctest; sourceTree = BUILT_PRODUCTS_DIR; };
		9DB044D8246B03400044D33C /* PokeDexTests.swift */ = {isa = PBXFileReference; lastKnownFileType = sourcecode.swift; path = PokeDexTests.swift; sourceTree = "<group>"; };
		9DB044DA246B03400044D33C /* Info.plist */ = {isa = PBXFileReference; lastKnownFileType = text.plist.xml; path = Info.plist; sourceTree = "<group>"; };
		9DB044DF246B03400044D33C /* PokeDexUITests.xctest */ = {isa = PBXFileReference; explicitFileType = wrapper.cfbundle; includeInIndex = 0; path = PokeDexUITests.xctest; sourceTree = BUILT_PRODUCTS_DIR; };
		9DB044E3246B03400044D33C /* PokeDexUITests.swift */ = {isa = PBXFileReference; lastKnownFileType = sourcecode.swift; path = PokeDexUITests.swift; sourceTree = "<group>"; };
		9DB044E5246B03400044D33C /* Info.plist */ = {isa = PBXFileReference; lastKnownFileType = text.plist.xml; path = Info.plist; sourceTree = "<group>"; };
		9DCACB1B246B1C23005BAA01 /* ApiPaths.swift */ = {isa = PBXFileReference; lastKnownFileType = sourcecode.swift; path = ApiPaths.swift; sourceTree = "<group>"; };
		9DDE583C246B3A3A00660709 /* Pokemon.swift */ = {isa = PBXFileReference; lastKnownFileType = sourcecode.swift; path = Pokemon.swift; sourceTree = "<group>"; };
		9DEC113D246B16D10088C8D2 /* PokemonDataService.swift */ = {isa = PBXFileReference; lastKnownFileType = sourcecode.swift; path = PokemonDataService.swift; sourceTree = "<group>"; };
		A5DF36A7824EDE6E4447A793 /* Pods-PokeDex.release.xcconfig */ = {isa = PBXFileReference; includeInIndex = 1; lastKnownFileType = text.xcconfig; name = "Pods-PokeDex.release.xcconfig"; path = "Target Support Files/Pods-PokeDex/Pods-PokeDex.release.xcconfig"; sourceTree = "<group>"; };
		ACB6F0FCBE6A17EA8F3604E7 /* Pods-PokeDex-PokeDexUITests.debug.xcconfig */ = {isa = PBXFileReference; includeInIndex = 1; lastKnownFileType = text.xcconfig; name = "Pods-PokeDex-PokeDexUITests.debug.xcconfig"; path = "Target Support Files/Pods-PokeDex-PokeDexUITests/Pods-PokeDex-PokeDexUITests.debug.xcconfig"; sourceTree = "<group>"; };
		AEB7FB63B6DA1A24DF4DD600 /* Pods-PokeDex.debug.xcconfig */ = {isa = PBXFileReference; includeInIndex = 1; lastKnownFileType = text.xcconfig; name = "Pods-PokeDex.debug.xcconfig"; path = "Target Support Files/Pods-PokeDex/Pods-PokeDex.debug.xcconfig"; sourceTree = "<group>"; };
		D250CC6FEFEC7903401ED483 /* Pods-PokeDexTests.release.xcconfig */ = {isa = PBXFileReference; includeInIndex = 1; lastKnownFileType = text.xcconfig; name = "Pods-PokeDexTests.release.xcconfig"; path = "Target Support Files/Pods-PokeDexTests/Pods-PokeDexTests.release.xcconfig"; sourceTree = "<group>"; };
		E8621720C300BDB0683DF1DF /* Pods_PokeDex_PokeDexUITests.framework */ = {isa = PBXFileReference; explicitFileType = wrapper.framework; includeInIndex = 0; path = Pods_PokeDex_PokeDexUITests.framework; sourceTree = BUILT_PRODUCTS_DIR; };
/* End PBXFileReference section */

/* Begin PBXFrameworksBuildPhase section */
		9DB044BB246B033B0044D33C /* Frameworks */ = {
			isa = PBXFrameworksBuildPhase;
			buildActionMask = 2147483647;
			files = (
				12637759B39AC9387BB5829E /* Pods_PokeDex.framework in Frameworks */,
			);
			runOnlyForDeploymentPostprocessing = 0;
		};
		9DB044D1246B03400044D33C /* Frameworks */ = {
			isa = PBXFrameworksBuildPhase;
			buildActionMask = 2147483647;
			files = (
				08EF4ECCCDC75B31FE3D4067 /* Pods_PokeDexTests.framework in Frameworks */,
			);
			runOnlyForDeploymentPostprocessing = 0;
		};
		9DB044DC246B03400044D33C /* Frameworks */ = {
			isa = PBXFrameworksBuildPhase;
			buildActionMask = 2147483647;
			files = (
				91F48DDAFAA2885F9C4D3F4F /* Pods_PokeDex_PokeDexUITests.framework in Frameworks */,
			);
			runOnlyForDeploymentPostprocessing = 0;
		};
/* End PBXFrameworksBuildPhase section */

/* Begin PBXGroup section */
		88BF6441B391AF28D7FE04BE /* Pods */ = {
			isa = PBXGroup;
			children = (
				AEB7FB63B6DA1A24DF4DD600 /* Pods-PokeDex.debug.xcconfig */,
				A5DF36A7824EDE6E4447A793 /* Pods-PokeDex.release.xcconfig */,
				ACB6F0FCBE6A17EA8F3604E7 /* Pods-PokeDex-PokeDexUITests.debug.xcconfig */,
				4CDFEA669AAE5B461FE3E792 /* Pods-PokeDex-PokeDexUITests.release.xcconfig */,
				04329B2242B08DB729F2F7B5 /* Pods-PokeDexTests.debug.xcconfig */,
				D250CC6FEFEC7903401ED483 /* Pods-PokeDexTests.release.xcconfig */,
			);
			path = Pods;
			sourceTree = "<group>";
		};
		9DB044B5246B033B0044D33C = {
			isa = PBXGroup;
			children = (
				9DB044C0246B033B0044D33C /* PokeDex */,
				9DB044D7246B03400044D33C /* PokeDexTests */,
				9DB044E2246B03400044D33C /* PokeDexUITests */,
				9DB044BF246B033B0044D33C /* Products */,
				88BF6441B391AF28D7FE04BE /* Pods */,
				EFEA1B47AFFFF0AF759A1B4C /* Frameworks */,
			);
			sourceTree = "<group>";
		};
		9DB044BF246B033B0044D33C /* Products */ = {
			isa = PBXGroup;
			children = (
				9DB044BE246B033B0044D33C /* PokeDex.app */,
				9DB044D4246B03400044D33C /* PokeDexTests.xctest */,
				9DB044DF246B03400044D33C /* PokeDexUITests.xctest */,
			);
			name = Products;
			sourceTree = "<group>";
		};
		9DB044C0246B033B0044D33C /* PokeDex */ = {
			isa = PBXGroup;
			children = (
				9DCACB1A246B1BBE005BAA01 /* Model */,
				9DEC113C246B15780088C8D2 /* Networking */,
				9DB044C1246B033B0044D33C /* AppDelegate.swift */,
				9DB044C3246B033B0044D33C /* SceneDelegate.swift */,
				9DB044C5246B033B0044D33C /* ViewController.swift */,
				9DB044C7246B033B0044D33C /* Main.storyboard */,
				9DB044CA246B03400044D33C /* Assets.xcassets */,
				9DB044CC246B03400044D33C /* LaunchScreen.storyboard */,
				9DB044CF246B03400044D33C /* Info.plist */,
			);
			path = PokeDex;
			sourceTree = "<group>";
		};
		9DB044D7246B03400044D33C /* PokeDexTests */ = {
			isa = PBXGroup;
			children = (
				9DB044D8246B03400044D33C /* PokeDexTests.swift */,
				9DB044DA246B03400044D33C /* Info.plist */,
			);
			path = PokeDexTests;
			sourceTree = "<group>";
		};
		9DB044E2246B03400044D33C /* PokeDexUITests */ = {
			isa = PBXGroup;
			children = (
				9DB044E3246B03400044D33C /* PokeDexUITests.swift */,
				9DB044E5246B03400044D33C /* Info.plist */,
			);
			path = PokeDexUITests;
			sourceTree = "<group>";
		};
		9DCACB1A246B1BBE005BAA01 /* Model */ = {
			isa = PBXGroup;
			children = (
				9DDE583C246B3A3A00660709 /* Pokemon.swift */,
			);
			path = Model;
			sourceTree = "<group>";
		};
		9DEC113C246B15780088C8D2 /* Networking */ = {
			isa = PBXGroup;
			children = (
				9DCACB1B246B1C23005BAA01 /* ApiPaths.swift */,
				9DEC113D246B16D10088C8D2 /* PokemonDataService.swift */,
			);
			path = Networking;
			sourceTree = "<group>";
		};
		EFEA1B47AFFFF0AF759A1B4C /* Frameworks */ = {
			isa = PBXGroup;
			children = (
				3896752CF93827901AC8AEE6 /* Pods_PokeDex.framework */,
				E8621720C300BDB0683DF1DF /* Pods_PokeDex_PokeDexUITests.framework */,
				8DA9F5B9DD4A4DE3336AC591 /* Pods_PokeDexTests.framework */,
			);
			name = Frameworks;
			sourceTree = "<group>";
		};
/* End PBXGroup section */

/* Begin PBXNativeTarget section */
		9DB044BD246B033B0044D33C /* PokeDex */ = {
			isa = PBXNativeTarget;
			buildConfigurationList = 9DB044E8246B03400044D33C /* Build configuration list for PBXNativeTarget "PokeDex" */;
			buildPhases = (
				9F220E329E5A8A247DAF4786 /* [CP] Check Pods Manifest.lock */,
				9DB044BA246B033B0044D33C /* Sources */,
				9DB044BB246B033B0044D33C /* Frameworks */,
				9DB044BC246B033B0044D33C /* Resources */,
				FE3581DE520A77409F1FC2B3 /* [CP] Embed Pods Frameworks */,
			);
			buildRules = (
			);
			dependencies = (
			);
			name = PokeDex;
			productName = PokeDex;
			productReference = 9DB044BE246B033B0044D33C /* PokeDex.app */;
			productType = "com.apple.product-type.application";
		};
		9DB044D3246B03400044D33C /* PokeDexTests */ = {
			isa = PBXNativeTarget;
			buildConfigurationList = 9DB044EB246B03400044D33C /* Build configuration list for PBXNativeTarget "PokeDexTests" */;
			buildPhases = (
				DD1AF2C464F1A5C357DD6349 /* [CP] Check Pods Manifest.lock */,
				9DB044D0246B03400044D33C /* Sources */,
				9DB044D1246B03400044D33C /* Frameworks */,
				9DB044D2246B03400044D33C /* Resources */,
			);
			buildRules = (
			);
			dependencies = (
				9DB044D6246B03400044D33C /* PBXTargetDependency */,
			);
			name = PokeDexTests;
			productName = PokeDexTests;
			productReference = 9DB044D4246B03400044D33C /* PokeDexTests.xctest */;
			productType = "com.apple.product-type.bundle.unit-test";
		};
		9DB044DE246B03400044D33C /* PokeDexUITests */ = {
			isa = PBXNativeTarget;
			buildConfigurationList = 9DB044EE246B03400044D33C /* Build configuration list for PBXNativeTarget "PokeDexUITests" */;
			buildPhases = (
				51F62BC515628B4680D9865F /* [CP] Check Pods Manifest.lock */,
				9DB044DB246B03400044D33C /* Sources */,
				9DB044DC246B03400044D33C /* Frameworks */,
				9DB044DD246B03400044D33C /* Resources */,
				904BB7397F440ABA68E5046D /* [CP] Embed Pods Frameworks */,
			);
			buildRules = (
			);
			dependencies = (
				9DB044E1246B03400044D33C /* PBXTargetDependency */,
			);
			name = PokeDexUITests;
			productName = PokeDexUITests;
			productReference = 9DB044DF246B03400044D33C /* PokeDexUITests.xctest */;
			productType = "com.apple.product-type.bundle.ui-testing";
		};
/* End PBXNativeTarget section */

/* Begin PBXProject section */
		9DB044B6246B033B0044D33C /* Project object */ = {
			isa = PBXProject;
			attributes = {
				LastSwiftUpdateCheck = 1140;
				LastUpgradeCheck = 1140;
				ORGANIZATIONNAME = "Giovanny Piñeros";
				TargetAttributes = {
					9DB044BD246B033B0044D33C = {
						CreatedOnToolsVersion = 11.4.1;
					};
					9DB044D3246B03400044D33C = {
						CreatedOnToolsVersion = 11.4.1;
						TestTargetID = 9DB044BD246B033B0044D33C;
					};
					9DB044DE246B03400044D33C = {
						CreatedOnToolsVersion = 11.4.1;
						TestTargetID = 9DB044BD246B033B0044D33C;
					};
				};
			};
			buildConfigurationList = 9DB044B9246B033B0044D33C /* Build configuration list for PBXProject "PokeDex" */;
			compatibilityVersion = "Xcode 9.3";
			developmentRegion = en;
			hasScannedForEncodings = 0;
			knownRegions = (
				en,
				Base,
			);
			mainGroup = 9DB044B5246B033B0044D33C;
			productRefGroup = 9DB044BF246B033B0044D33C /* Products */;
			projectDirPath = "";
			projectRoot = "";
			targets = (
				9DB044BD246B033B0044D33C /* PokeDex */,
				9DB044D3246B03400044D33C /* PokeDexTests */,
				9DB044DE246B03400044D33C /* PokeDexUITests */,
			);
		};
/* End PBXProject section */

/* Begin PBXResourcesBuildPhase section */
		9DB044BC246B033B0044D33C /* Resources */ = {
			isa = PBXResourcesBuildPhase;
			buildActionMask = 2147483647;
			files = (
				9DB044CE246B03400044D33C /* LaunchScreen.storyboard in Resources */,
				9DB044CB246B03400044D33C /* Assets.xcassets in Resources */,
				9DB044C9246B033B0044D33C /* Main.storyboard in Resources */,
			);
			runOnlyForDeploymentPostprocessing = 0;
		};
		9DB044D2246B03400044D33C /* Resources */ = {
			isa = PBXResourcesBuildPhase;
			buildActionMask = 2147483647;
			files = (
			);
			runOnlyForDeploymentPostprocessing = 0;
		};
		9DB044DD246B03400044D33C /* Resources */ = {
			isa = PBXResourcesBuildPhase;
			buildActionMask = 2147483647;
			files = (
			);
			runOnlyForDeploymentPostprocessing = 0;
		};
/* End PBXResourcesBuildPhase section */

/* Begin PBXShellScriptBuildPhase section */
		51F62BC515628B4680D9865F /* [CP] Check Pods Manifest.lock */ = {
			isa = PBXShellScriptBuildPhase;
			buildActionMask = 2147483647;
			files = (
			);
			inputFileListPaths = (
			);
			inputPaths = (
				"${PODS_PODFILE_DIR_PATH}/Podfile.lock",
				"${PODS_ROOT}/Manifest.lock",
			);
			name = "[CP] Check Pods Manifest.lock";
			outputFileListPaths = (
			);
			outputPaths = (
				"$(DERIVED_FILE_DIR)/Pods-PokeDex-PokeDexUITests-checkManifestLockResult.txt",
			);
			runOnlyForDeploymentPostprocessing = 0;
			shellPath = /bin/sh;
			shellScript = "diff \"${PODS_PODFILE_DIR_PATH}/Podfile.lock\" \"${PODS_ROOT}/Manifest.lock\" > /dev/null\nif [ $? != 0 ] ; then\n    # print error to STDERR\n    echo \"error: The sandbox is not in sync with the Podfile.lock. Run 'pod install' or update your CocoaPods installation.\" >&2\n    exit 1\nfi\n# This output is used by Xcode 'outputs' to avoid re-running this script phase.\necho \"SUCCESS\" > \"${SCRIPT_OUTPUT_FILE_0}\"\n";
			showEnvVarsInLog = 0;
		};
		904BB7397F440ABA68E5046D /* [CP] Embed Pods Frameworks */ = {
			isa = PBXShellScriptBuildPhase;
			buildActionMask = 2147483647;
			files = (
			);
			inputFileListPaths = (
				"${PODS_ROOT}/Target Support Files/Pods-PokeDex-PokeDexUITests/Pods-PokeDex-PokeDexUITests-frameworks-${CONFIGURATION}-input-files.xcfilelist",
			);
			name = "[CP] Embed Pods Frameworks";
			outputFileListPaths = (
				"${PODS_ROOT}/Target Support Files/Pods-PokeDex-PokeDexUITests/Pods-PokeDex-PokeDexUITests-frameworks-${CONFIGURATION}-output-files.xcfilelist",
			);
			runOnlyForDeploymentPostprocessing = 0;
			shellPath = /bin/sh;
			shellScript = "\"${PODS_ROOT}/Target Support Files/Pods-PokeDex-PokeDexUITests/Pods-PokeDex-PokeDexUITests-frameworks.sh\"\n";
			showEnvVarsInLog = 0;
		};
		9F220E329E5A8A247DAF4786 /* [CP] Check Pods Manifest.lock */ = {
			isa = PBXShellScriptBuildPhase;
			buildActionMask = 2147483647;
			files = (
			);
			inputFileListPaths = (
			);
			inputPaths = (
				"${PODS_PODFILE_DIR_PATH}/Podfile.lock",
				"${PODS_ROOT}/Manifest.lock",
			);
			name = "[CP] Check Pods Manifest.lock";
			outputFileListPaths = (
			);
			outputPaths = (
				"$(DERIVED_FILE_DIR)/Pods-PokeDex-checkManifestLockResult.txt",
			);
			runOnlyForDeploymentPostprocessing = 0;
			shellPath = /bin/sh;
			shellScript = "diff \"${PODS_PODFILE_DIR_PATH}/Podfile.lock\" \"${PODS_ROOT}/Manifest.lock\" > /dev/null\nif [ $? != 0 ] ; then\n    # print error to STDERR\n    echo \"error: The sandbox is not in sync with the Podfile.lock. Run 'pod install' or update your CocoaPods installation.\" >&2\n    exit 1\nfi\n# This output is used by Xcode 'outputs' to avoid re-running this script phase.\necho \"SUCCESS\" > \"${SCRIPT_OUTPUT_FILE_0}\"\n";
			showEnvVarsInLog = 0;
		};
		DD1AF2C464F1A5C357DD6349 /* [CP] Check Pods Manifest.lock */ = {
			isa = PBXShellScriptBuildPhase;
			buildActionMask = 2147483647;
			files = (
			);
			inputFileListPaths = (
			);
			inputPaths = (
				"${PODS_PODFILE_DIR_PATH}/Podfile.lock",
				"${PODS_ROOT}/Manifest.lock",
			);
			name = "[CP] Check Pods Manifest.lock";
			outputFileListPaths = (
			);
			outputPaths = (
				"$(DERIVED_FILE_DIR)/Pods-PokeDexTests-checkManifestLockResult.txt",
			);
			runOnlyForDeploymentPostprocessing = 0;
			shellPath = /bin/sh;
			shellScript = "diff \"${PODS_PODFILE_DIR_PATH}/Podfile.lock\" \"${PODS_ROOT}/Manifest.lock\" > /dev/null\nif [ $? != 0 ] ; then\n    # print error to STDERR\n    echo \"error: The sandbox is not in sync with the Podfile.lock. Run 'pod install' or update your CocoaPods installation.\" >&2\n    exit 1\nfi\n# This output is used by Xcode 'outputs' to avoid re-running this script phase.\necho \"SUCCESS\" > \"${SCRIPT_OUTPUT_FILE_0}\"\n";
			showEnvVarsInLog = 0;
		};
		FE3581DE520A77409F1FC2B3 /* [CP] Embed Pods Frameworks */ = {
			isa = PBXShellScriptBuildPhase;
			buildActionMask = 2147483647;
			files = (
			);
			inputFileListPaths = (
				"${PODS_ROOT}/Target Support Files/Pods-PokeDex/Pods-PokeDex-frameworks-${CONFIGURATION}-input-files.xcfilelist",
			);
			name = "[CP] Embed Pods Frameworks";
			outputFileListPaths = (
				"${PODS_ROOT}/Target Support Files/Pods-PokeDex/Pods-PokeDex-frameworks-${CONFIGURATION}-output-files.xcfilelist",
			);
			runOnlyForDeploymentPostprocessing = 0;
			shellPath = /bin/sh;
			shellScript = "\"${PODS_ROOT}/Target Support Files/Pods-PokeDex/Pods-PokeDex-frameworks.sh\"\n";
			showEnvVarsInLog = 0;
		};
/* End PBXShellScriptBuildPhase section */

/* Begin PBXSourcesBuildPhase section */
		9DB044BA246B033B0044D33C /* Sources */ = {
			isa = PBXSourcesBuildPhase;
			buildActionMask = 2147483647;
			files = (
				9DCACB1C246B1C23005BAA01 /* ApiPaths.swift in Sources */,
				9DB044C6246B033B0044D33C /* ViewController.swift in Sources */,
				9DB044C2246B033B0044D33C /* AppDelegate.swift in Sources */,
				9DEC113E246B16D10088C8D2 /* PokemonDataService.swift in Sources */,
				9DB044C4246B033B0044D33C /* SceneDelegate.swift in Sources */,
				9DDE583D246B3A3A00660709 /* Pokemon.swift in Sources */,
			);
			runOnlyForDeploymentPostprocessing = 0;
		};
		9DB044D0246B03400044D33C /* Sources */ = {
			isa = PBXSourcesBuildPhase;
			buildActionMask = 2147483647;
			files = (
				9DB044D9246B03400044D33C /* PokeDexTests.swift in Sources */,
			);
			runOnlyForDeploymentPostprocessing = 0;
		};
		9DB044DB246B03400044D33C /* Sources */ = {
			isa = PBXSourcesBuildPhase;
			buildActionMask = 2147483647;
			files = (
				9DB044E4246B03400044D33C /* PokeDexUITests.swift in Sources */,
			);
			runOnlyForDeploymentPostprocessing = 0;
		};
/* End PBXSourcesBuildPhase section */

/* Begin PBXTargetDependency section */
		9DB044D6246B03400044D33C /* PBXTargetDependency */ = {
			isa = PBXTargetDependency;
			target = 9DB044BD246B033B0044D33C /* PokeDex */;
			targetProxy = 9DB044D5246B03400044D33C /* PBXContainerItemProxy */;
		};
		9DB044E1246B03400044D33C /* PBXTargetDependency */ = {
			isa = PBXTargetDependency;
			target = 9DB044BD246B033B0044D33C /* PokeDex */;
			targetProxy = 9DB044E0246B03400044D33C /* PBXContainerItemProxy */;
		};
/* End PBXTargetDependency section */

/* Begin PBXVariantGroup section */
		9DB044C7246B033B0044D33C /* Main.storyboard */ = {
			isa = PBXVariantGroup;
			children = (
				9DB044C8246B033B0044D33C /* Base */,
			);
			name = Main.storyboard;
			sourceTree = "<group>";
		};
		9DB044CC246B03400044D33C /* LaunchScreen.storyboard */ = {
			isa = PBXVariantGroup;
			children = (
				9DB044CD246B03400044D33C /* Base */,
			);
			name = LaunchScreen.storyboard;
			sourceTree = "<group>";
		};
/* End PBXVariantGroup section */

/* Begin XCBuildConfiguration section */
		9DB044E6246B03400044D33C /* Debug */ = {
			isa = XCBuildConfiguration;
			buildSettings = {
				ALWAYS_SEARCH_USER_PATHS = NO;
				CLANG_ANALYZER_NONNULL = YES;
				CLANG_ANALYZER_NUMBER_OBJECT_CONVERSION = YES_AGGRESSIVE;
				CLANG_CXX_LANGUAGE_STANDARD = "gnu++14";
				CLANG_CXX_LIBRARY = "libc++";
				CLANG_ENABLE_MODULES = YES;
				CLANG_ENABLE_OBJC_ARC = YES;
				CLANG_ENABLE_OBJC_WEAK = YES;
				CLANG_WARN_BLOCK_CAPTURE_AUTORELEASING = YES;
				CLANG_WARN_BOOL_CONVERSION = YES;
				CLANG_WARN_COMMA = YES;
				CLANG_WARN_CONSTANT_CONVERSION = YES;
				CLANG_WARN_DEPRECATED_OBJC_IMPLEMENTATIONS = YES;
				CLANG_WARN_DIRECT_OBJC_ISA_USAGE = YES_ERROR;
				CLANG_WARN_DOCUMENTATION_COMMENTS = YES;
				CLANG_WARN_EMPTY_BODY = YES;
				CLANG_WARN_ENUM_CONVERSION = YES;
				CLANG_WARN_INFINITE_RECURSION = YES;
				CLANG_WARN_INT_CONVERSION = YES;
				CLANG_WARN_NON_LITERAL_NULL_CONVERSION = YES;
				CLANG_WARN_OBJC_IMPLICIT_RETAIN_SELF = YES;
				CLANG_WARN_OBJC_LITERAL_CONVERSION = YES;
				CLANG_WARN_OBJC_ROOT_CLASS = YES_ERROR;
				CLANG_WARN_RANGE_LOOP_ANALYSIS = YES;
				CLANG_WARN_STRICT_PROTOTYPES = YES;
				CLANG_WARN_SUSPICIOUS_MOVE = YES;
				CLANG_WARN_UNGUARDED_AVAILABILITY = YES_AGGRESSIVE;
				CLANG_WARN_UNREACHABLE_CODE = YES;
				CLANG_WARN__DUPLICATE_METHOD_MATCH = YES;
				COPY_PHASE_STRIP = NO;
				DEBUG_INFORMATION_FORMAT = dwarf;
				ENABLE_STRICT_OBJC_MSGSEND = YES;
				ENABLE_TESTABILITY = YES;
				GCC_C_LANGUAGE_STANDARD = gnu11;
				GCC_DYNAMIC_NO_PIC = NO;
				GCC_NO_COMMON_BLOCKS = YES;
				GCC_OPTIMIZATION_LEVEL = 0;
				GCC_PREPROCESSOR_DEFINITIONS = (
					"DEBUG=1",
					"$(inherited)",
				);
				GCC_WARN_64_TO_32_BIT_CONVERSION = YES;
				GCC_WARN_ABOUT_RETURN_TYPE = YES_ERROR;
				GCC_WARN_UNDECLARED_SELECTOR = YES;
				GCC_WARN_UNINITIALIZED_AUTOS = YES_AGGRESSIVE;
				GCC_WARN_UNUSED_FUNCTION = YES;
				GCC_WARN_UNUSED_VARIABLE = YES;
				IPHONEOS_DEPLOYMENT_TARGET = 13.4;
				MTL_ENABLE_DEBUG_INFO = INCLUDE_SOURCE;
				MTL_FAST_MATH = YES;
				ONLY_ACTIVE_ARCH = YES;
				SDKROOT = iphoneos;
				SWIFT_ACTIVE_COMPILATION_CONDITIONS = DEBUG;
				SWIFT_OPTIMIZATION_LEVEL = "-Onone";
			};
			name = Debug;
		};
		9DB044E7246B03400044D33C /* Release */ = {
			isa = XCBuildConfiguration;
			buildSettings = {
				ALWAYS_SEARCH_USER_PATHS = NO;
				CLANG_ANALYZER_NONNULL = YES;
				CLANG_ANALYZER_NUMBER_OBJECT_CONVERSION = YES_AGGRESSIVE;
				CLANG_CXX_LANGUAGE_STANDARD = "gnu++14";
				CLANG_CXX_LIBRARY = "libc++";
				CLANG_ENABLE_MODULES = YES;
				CLANG_ENABLE_OBJC_ARC = YES;
				CLANG_ENABLE_OBJC_WEAK = YES;
				CLANG_WARN_BLOCK_CAPTURE_AUTORELEASING = YES;
				CLANG_WARN_BOOL_CONVERSION = YES;
				CLANG_WARN_COMMA = YES;
				CLANG_WARN_CONSTANT_CONVERSION = YES;
				CLANG_WARN_DEPRECATED_OBJC_IMPLEMENTATIONS = YES;
				CLANG_WARN_DIRECT_OBJC_ISA_USAGE = YES_ERROR;
				CLANG_WARN_DOCUMENTATION_COMMENTS = YES;
				CLANG_WARN_EMPTY_BODY = YES;
				CLANG_WARN_ENUM_CONVERSION = YES;
				CLANG_WARN_INFINITE_RECURSION = YES;
				CLANG_WARN_INT_CONVERSION = YES;
				CLANG_WARN_NON_LITERAL_NULL_CONVERSION = YES;
				CLANG_WARN_OBJC_IMPLICIT_RETAIN_SELF = YES;
				CLANG_WARN_OBJC_LITERAL_CONVERSION = YES;
				CLANG_WARN_OBJC_ROOT_CLASS = YES_ERROR;
				CLANG_WARN_RANGE_LOOP_ANALYSIS = YES;
				CLANG_WARN_STRICT_PROTOTYPES = YES;
				CLANG_WARN_SUSPICIOUS_MOVE = YES;
				CLANG_WARN_UNGUARDED_AVAILABILITY = YES_AGGRESSIVE;
				CLANG_WARN_UNREACHABLE_CODE = YES;
				CLANG_WARN__DUPLICATE_METHOD_MATCH = YES;
				COPY_PHASE_STRIP = NO;
				DEBUG_INFORMATION_FORMAT = "dwarf-with-dsym";
				ENABLE_NS_ASSERTIONS = NO;
				ENABLE_STRICT_OBJC_MSGSEND = YES;
				GCC_C_LANGUAGE_STANDARD = gnu11;
				GCC_NO_COMMON_BLOCKS = YES;
				GCC_WARN_64_TO_32_BIT_CONVERSION = YES;
				GCC_WARN_ABOUT_RETURN_TYPE = YES_ERROR;
				GCC_WARN_UNDECLARED_SELECTOR = YES;
				GCC_WARN_UNINITIALIZED_AUTOS = YES_AGGRESSIVE;
				GCC_WARN_UNUSED_FUNCTION = YES;
				GCC_WARN_UNUSED_VARIABLE = YES;
				IPHONEOS_DEPLOYMENT_TARGET = 13.4;
				MTL_ENABLE_DEBUG_INFO = NO;
				MTL_FAST_MATH = YES;
				SDKROOT = iphoneos;
				SWIFT_COMPILATION_MODE = wholemodule;
				SWIFT_OPTIMIZATION_LEVEL = "-O";
				VALIDATE_PRODUCT = YES;
			};
			name = Release;
		};
		9DB044E9246B03400044D33C /* Debug */ = {
			isa = XCBuildConfiguration;
			baseConfigurationReference = AEB7FB63B6DA1A24DF4DD600 /* Pods-PokeDex.debug.xcconfig */;
			buildSettings = {
				ASSETCATALOG_COMPILER_APPICON_NAME = AppIcon;
				CODE_SIGN_STYLE = Automatic;
				DEVELOPMENT_TEAM = S456LN3KX4;
				INFOPLIST_FILE = PokeDex/Info.plist;
				LD_RUNPATH_SEARCH_PATHS = (
					"$(inherited)",
					"@executable_path/Frameworks",
				);
				PRODUCT_BUNDLE_IDENTIFIER = test.PokeDex;
				PRODUCT_NAME = "$(TARGET_NAME)";
				SWIFT_VERSION = 5.0;
				TARGETED_DEVICE_FAMILY = "1,2";
			};
			name = Debug;
		};
		9DB044EA246B03400044D33C /* Release */ = {
			isa = XCBuildConfiguration;
			baseConfigurationReference = A5DF36A7824EDE6E4447A793 /* Pods-PokeDex.release.xcconfig */;
			buildSettings = {
				ASSETCATALOG_COMPILER_APPICON_NAME = AppIcon;
				CODE_SIGN_STYLE = Automatic;
				DEVELOPMENT_TEAM = S456LN3KX4;
				INFOPLIST_FILE = PokeDex/Info.plist;
				LD_RUNPATH_SEARCH_PATHS = (
					"$(inherited)",
					"@executable_path/Frameworks",
				);
				PRODUCT_BUNDLE_IDENTIFIER = test.PokeDex;
				PRODUCT_NAME = "$(TARGET_NAME)";
				SWIFT_VERSION = 5.0;
				TARGETED_DEVICE_FAMILY = "1,2";
			};
			name = Release;
		};
		9DB044EC246B03400044D33C /* Debug */ = {
			isa = XCBuildConfiguration;
			baseConfigurationReference = 04329B2242B08DB729F2F7B5 /* Pods-PokeDexTests.debug.xcconfig */;
			buildSettings = {
				ALWAYS_EMBED_SWIFT_STANDARD_LIBRARIES = YES;
				BUNDLE_LOADER = "$(TEST_HOST)";
				CODE_SIGN_STYLE = Automatic;
				DEVELOPMENT_TEAM = S456LN3KX4;
				INFOPLIST_FILE = PokeDexTests/Info.plist;
				IPHONEOS_DEPLOYMENT_TARGET = 13.4;
				LD_RUNPATH_SEARCH_PATHS = (
					"$(inherited)",
					"@executable_path/Frameworks",
					"@loader_path/Frameworks",
				);
				PRODUCT_BUNDLE_IDENTIFIER = test.PokeDexTests;
				PRODUCT_NAME = "$(TARGET_NAME)";
				SWIFT_VERSION = 5.0;
				TARGETED_DEVICE_FAMILY = "1,2";
				TEST_HOST = "$(BUILT_PRODUCTS_DIR)/PokeDex.app/PokeDex";
			};
			name = Debug;
		};
		9DB044ED246B03400044D33C /* Release */ = {
			isa = XCBuildConfiguration;
			baseConfigurationReference = D250CC6FEFEC7903401ED483 /* Pods-PokeDexTests.release.xcconfig */;
			buildSettings = {
				ALWAYS_EMBED_SWIFT_STANDARD_LIBRARIES = YES;
				BUNDLE_LOADER = "$(TEST_HOST)";
				CODE_SIGN_STYLE = Automatic;
				DEVELOPMENT_TEAM = S456LN3KX4;
				INFOPLIST_FILE = PokeDexTests/Info.plist;
				IPHONEOS_DEPLOYMENT_TARGET = 13.4;
				LD_RUNPATH_SEARCH_PATHS = (
					"$(inherited)",
					"@executable_path/Frameworks",
					"@loader_path/Frameworks",
				);
				PRODUCT_BUNDLE_IDENTIFIER = test.PokeDexTests;
				PRODUCT_NAME = "$(TARGET_NAME)";
				SWIFT_VERSION = 5.0;
				TARGETED_DEVICE_FAMILY = "1,2";
				TEST_HOST = "$(BUILT_PRODUCTS_DIR)/PokeDex.app/PokeDex";
			};
			name = Release;
		};
		9DB044EF246B03400044D33C /* Debug */ = {
			isa = XCBuildConfiguration;
			baseConfigurationReference = ACB6F0FCBE6A17EA8F3604E7 /* Pods-PokeDex-PokeDexUITests.debug.xcconfig */;
			buildSettings = {
				ALWAYS_EMBED_SWIFT_STANDARD_LIBRARIES = YES;
				CODE_SIGN_STYLE = Automatic;
				DEVELOPMENT_TEAM = S456LN3KX4;
				INFOPLIST_FILE = PokeDexUITests/Info.plist;
				LD_RUNPATH_SEARCH_PATHS = (
					"$(inherited)",
					"@executable_path/Frameworks",
					"@loader_path/Frameworks",
				);
				PRODUCT_BUNDLE_IDENTIFIER = test.PokeDexUITests;
				PRODUCT_NAME = "$(TARGET_NAME)";
				SWIFT_VERSION = 5.0;
				TARGETED_DEVICE_FAMILY = "1,2";
				TEST_TARGET_NAME = PokeDex;
			};
			name = Debug;
		};
		9DB044F0246B03400044D33C /* Release */ = {
			isa = XCBuildConfiguration;
			baseConfigurationReference = 4CDFEA669AAE5B461FE3E792 /* Pods-PokeDex-PokeDexUITests.release.xcconfig */;
			buildSettings = {
				ALWAYS_EMBED_SWIFT_STANDARD_LIBRARIES = YES;
				CODE_SIGN_STYLE = Automatic;
				DEVELOPMENT_TEAM = S456LN3KX4;
				INFOPLIST_FILE = PokeDexUITests/Info.plist;
				LD_RUNPATH_SEARCH_PATHS = (
					"$(inherited)",
					"@executable_path/Frameworks",
					"@loader_path/Frameworks",
				);
				PRODUCT_BUNDLE_IDENTIFIER = test.PokeDexUITests;
				PRODUCT_NAME = "$(TARGET_NAME)";
				SWIFT_VERSION = 5.0;
				TARGETED_DEVICE_FAMILY = "1,2";
				TEST_TARGET_NAME = PokeDex;
			};
			name = Release;
		};
/* End XCBuildConfiguration section */

/* Begin XCConfigurationList section */
		9DB044B9246B033B0044D33C /* Build configuration list for PBXProject "PokeDex" */ = {
			isa = XCConfigurationList;
			buildConfigurations = (
				9DB044E6246B03400044D33C /* Debug */,
				9DB044E7246B03400044D33C /* Release */,
			);
			defaultConfigurationIsVisible = 0;
			defaultConfigurationName = Release;
		};
		9DB044E8246B03400044D33C /* Build configuration list for PBXNativeTarget "PokeDex" */ = {
			isa = XCConfigurationList;
			buildConfigurations = (
				9DB044E9246B03400044D33C /* Debug */,
				9DB044EA246B03400044D33C /* Release */,
			);
			defaultConfigurationIsVisible = 0;
			defaultConfigurationName = Release;
		};
		9DB044EB246B03400044D33C /* Build configuration list for PBXNativeTarget "PokeDexTests" */ = {
			isa = XCConfigurationList;
			buildConfigurations = (
				9DB044EC246B03400044D33C /* Debug */,
				9DB044ED246B03400044D33C /* Release */,
			);
			defaultConfigurationIsVisible = 0;
			defaultConfigurationName = Release;
		};
		9DB044EE246B03400044D33C /* Build configuration list for PBXNativeTarget "PokeDexUITests" */ = {
			isa = XCConfigurationList;
			buildConfigurations = (
				9DB044EF246B03400044D33C /* Debug */,
				9DB044F0246B03400044D33C /* Release */,
			);
			defaultConfigurationIsVisible = 0;
			defaultConfigurationName = Release;
		};
/* End XCConfigurationList section */
	};
	rootObject = 9DB044B6246B033B0044D33C /* Project object */;
}
